
Microsoft Visual Studio Solution File, Format Version 12.00
# Visual Studio Version 16
VisualStudioVersion = 16.0.31613.86
MinimumVisualStudioVersion = 10.0.40219.1
Project("{FAE04EC0-301F-11D3-BF4B-00C04F79EFBC}") = "C21 Ex02 Matan 304826811", "C21 Ex02 Matan 304826811.csproj", "{7CD8C0A5-7A8C-4AF8-B95A-6945E2BBC535}"
EndProject
Global
	GlobalSection(SolutionConfigurationPlatforms) = preSolution
		Debug|Any CPU = Debug|Any CPU
		Release|Any CPU = Release|Any CPU
	EndGlobalSection
	GlobalSection(ProjectConfigurationPlatforms) = postSolution
		{7CD8C0A5-7A8C-4AF8-B95A-6945E2BBC535}.Debug|Any CPU.ActiveCfg = Debug|Any CPU
		{7CD8C0A5-7A8C-4AF8-B95A-6945E2BBC535}.Debug|Any CPU.Build.0 = Debug|Any CPU
		{7CD8C0A5-7A8C-4AF8-B95A-6945E2BBC535}.Release|Any CPU.ActiveCfg = Release|Any CPU
		{7CD8C0A5-7A8C-4AF8-B95A-6945E2BBC535}.Release|Any CPU.Build.0 = Release|Any CPU
	EndGlobalSection
	GlobalSection(SolutionProperties) = preSolution
		HideSolutionNode = FALSE
	EndGlobalSection
	GlobalSection(ExtensibilityGlobals) = postSolution
		SolutionGuid = {7C147F29-1882-42CA-9367-A54BBE1FCE77}
	EndGlobalSection
EndGlobal
